
Microsoft Visual Studio Solution File, Format Version 12.00
# Visual Studio Version 16
VisualStudioVersion = 16.0.31129.286
MinimumVisualStudioVersion = 10.0.40219.1
Project("{9A19103F-16F7-4668-BE54-9A1E7A4F7556}") = "Fibonachi_Lite", "Fibonachi_Lite.csproj", "{9CAFA94E-9BF3-4CBA-AAB2-77A4C578DBD8}"
EndProject
Global
	GlobalSection(SolutionConfigurationPlatforms) = preSolution
		Debug|Any CPU = Debug|Any CPU
		Release|Any CPU = Release|Any CPU
	EndGlobalSection
	GlobalSection(ProjectConfigurationPlatforms) = postSolution
		{9CAFA94E-9BF3-4CBA-AAB2-77A4C578DBD8}.Debug|Any CPU.ActiveCfg = Debug|Any CPU
		{9CAFA94E-9BF3-4CBA-AAB2-77A4C578DBD8}.Debug|Any CPU.Build.0 = Debug|Any CPU
		{9CAFA94E-9BF3-4CBA-AAB2-77A4C578DBD8}.Release|Any CPU.ActiveCfg = Release|Any CPU
		{9CAFA94E-9BF3-4CBA-AAB2-77A4C578DBD8}.Release|Any CPU.Build.0 = Release|Any CPU
	EndGlobalSection
	GlobalSection(SolutionProperties) = preSolution
		HideSolutionNode = FALSE
	EndGlobalSection
	GlobalSection(ExtensibilityGlobals) = postSolution
		SolutionGuid = {8087DD59-2CC9-4C1B-90A2-DB5FD84C42FF}
	EndGlobalSection
EndGlobal
